
Microsoft Visual Studio Solution File, Format Version 12.00
# Visual Studio Version 17
VisualStudioVersion = 17.8.34330.188
MinimumVisualStudioVersion = 10.0.40219.1
Project("{FAE04EC0-301F-11D3-BF4B-00C04F79EFBC}") = "IntegracionEF", "IntegracionEF\IntegracionEF.csproj", "{4DFAF49F-E58C-43DA-AD6F-855503A8713C}"
EndProject
Global
	GlobalSection(SolutionConfigurationPlatforms) = preSolution
		Debug|Any CPU = Debug|Any CPU
		Release|Any CPU = Release|Any CPU
	EndGlobalSection
	GlobalSection(ProjectConfigurationPlatforms) = postSolution
		{4DFAF49F-E58C-43DA-AD6F-855503A8713C}.Debug|Any CPU.ActiveCfg = Debug|Any CPU
		{4DFAF49F-E58C-43DA-AD6F-855503A8713C}.Debug|Any CPU.Build.0 = Debug|Any CPU
		{4DFAF49F-E58C-43DA-AD6F-855503A8713C}.Release|Any CPU.ActiveCfg = Release|Any CPU
		{4DFAF49F-E58C-43DA-AD6F-855503A8713C}.Release|Any CPU.Build.0 = Release|Any CPU
	EndGlobalSection
	GlobalSection(SolutionProperties) = preSolution
		HideSolutionNode = FALSE
	EndGlobalSection
	GlobalSection(ExtensibilityGlobals) = postSolution
		SolutionGuid = {D0BD9282-9D26-4959-96C3-778509AB2E6A}
	EndGlobalSection
EndGlobal
